
Microsoft Visual Studio Solution File, Format Version 12.00
# Visual Studio Version 16
VisualStudioVersion = 16.0.30503.244
MinimumVisualStudioVersion = 10.0.40219.1
Project("{2150E333-8FDC-42A3-9474-1A3956D46DE8}") = "IDP", "IDP", "{96A6852C-EE1D-471C-9A6E-FA943468EE4A}"
EndProject
Project("{2150E333-8FDC-42A3-9474-1A3956D46DE8}") = "Quotes", "Quotes", "{246F2058-9A86-41B1-9E0E-89451A24DC10}"
EndProject
Project("{2150E333-8FDC-42A3-9474-1A3956D46DE8}") = "Proposals", "Proposals", "{3626B70F-C76D-4C71-A0BD-A88941FC7A07}"
EndProject
Project("{2150E333-8FDC-42A3-9474-1A3956D46DE8}") = "Master", "Master", "{02762D4C-9190-4B60-8BB1-CB6B2161DBEE}"
EndProject
Project("{2150E333-8FDC-42A3-9474-1A3956D46DE8}") = "LoB", "LoB", "{ACF84426-064B-4920-BE6D-F000AB167BDF}"
EndProject
Project("{2150E333-8FDC-42A3-9474-1A3956D46DE8}") = "Enterprise", "Enterprise", "{5F8B160E-EF13-4074-B343-EEABB128C50D}"
EndProject
Project("{2150E333-8FDC-42A3-9474-1A3956D46DE8}") = "Modules", "Modules", "{30AA4E6D-851B-4DAD-9F08-E970E56925E5}"
EndProject
Project("{2150E333-8FDC-42A3-9474-1A3956D46DE8}") = "Solutions Items", "Solutions Items", "{CEFA34FF-1A05-45AD-B387-5C6BE86331AC}"
	ProjectSection(SolutionItems) = preProject
		.editorconfig = .editorconfig
		.runSettings = .runSettings
	EndProjectSection
EndProject
Project("{2150E333-8FDC-42A3-9474-1A3956D46DE8}") = "Tests", "Tests", "{1AC7B9C1-A908-4A84-9452-AACEF9448C57}"
EndProject
Project("{2150E333-8FDC-42A3-9474-1A3956D46DE8}") = "PolicyAdmin", "PolicyAdmin", "{F8D98839-507B-45C3-B730-B0AED45D3485}"
EndProject
Project("{2150E333-8FDC-42A3-9474-1A3956D46DE8}") = "Claims", "Claims", "{DA80DD70-EA15-451E-9A8B-48066A34C295}"
EndProject
Project("{9A19103F-16F7-4668-BE54-9A1E7A4F7556}") = "FourWallsInc.DataAccess", "FourWallsInc.Enterprise\DataAccess\src\FourWallsInc.DataAccess.csproj", "{56FB436A-9519-451F-B5FC-4EB4E31F57BA}"
EndProject
Project("{9A19103F-16F7-4668-BE54-9A1E7A4F7556}") = "FourWallsInc.Entity", "FourWallsInc.Enterprise\Entity\src\FourWallsInc.Entity.csproj", "{B00E27D6-80FB-4A1A-A132-440515E3C7A4}"
EndProject
Project("{9A19103F-16F7-4668-BE54-9A1E7A4F7556}") = "FourWallsInc.Infrastructure", "FourWallsInc.Enterprise\Infrastructure\src\FourWallsInc.Infrastructure.csproj", "{33E2CADE-B022-4A63-B01C-0276B9058093}"
EndProject
Project("{9A19103F-16F7-4668-BE54-9A1E7A4F7556}") = "FourWallsInc.Utilities", "FourWallsInc.Enterprise\Utilities\src\FourWallsInc.Utilities.csproj", "{B3BA07E5-0285-4EEF-BCDF-06D2199DF098}"
EndProject
Project("{9A19103F-16F7-4668-BE54-9A1E7A4F7556}") = "FourWallsInc.WebUI", "FourWallsInc.Enterprise\WebUI\src\FourWallsInc.WebUI.csproj", "{8FE0C7CB-FFED-4CDA-98BB-696F103F77BD}"
EndProject
Project("{9A19103F-16F7-4668-BE54-9A1E7A4F7556}") = "FourWallsInc.DataAccess.Tests", "FourWallsInc.Enterprise\DataAccess\tst\FourWallsInc.DataAccess.Tests.csproj", "{B6AEAE7B-796A-45E0-BB16-2B26D9DF581E}"
EndProject
Project("{9A19103F-16F7-4668-BE54-9A1E7A4F7556}") = "FourWallsInc.Utilities.Tests", "..\FourWalls\Enterprise\Utilities\tst\FourWallsInc.Utilities.Tests.csproj", "{0AF98215-6DFA-4E17-A5BF-2EF8763CA5E1}"
EndProject
Project("{9A19103F-16F7-4668-BE54-9A1E7A4F7556}") = "CMS.IDP.App", "CMS.IDS4\CMS.IDP.App.csproj", "{3ACAF756-49FF-421F-A9EB-2C8F584CB1FD}"
EndProject
Project("{9A19103F-16F7-4668-BE54-9A1E7A4F7556}") = "CMS.Master.App", "CMS.Master\App\CMS.Master.App.csproj", "{1F92C17B-0EB3-4626-9FF4-9288868C5D1B}"
EndProject
Project("{9A19103F-16F7-4668-BE54-9A1E7A4F7556}") = "CMS.Master.Api", "CMS.Master\API\CMS.Master.Api.csproj", "{7D4ADDDA-A0BB-4E09-812F-0E705C6E6DF4}"
EndProject
Project("{9A19103F-16F7-4668-BE54-9A1E7A4F7556}") = "CMS.Quotes.App", "CMS.ProtectedModules\Quotes\App\CMS.Quotes.App.csproj", "{AD615189-C03B-441B-95A1-F1174EECCA7F}"
EndProject
Project("{9A19103F-16F7-4668-BE54-9A1E7A4F7556}") = "CMS.Quotes.Api", "CMS.ProtectedModules\Quotes\API\CMS.Quotes.Api.csproj", "{E77B197C-601B-4C45-81FD-B0959FAC2F71}"
EndProject
Project("{9A19103F-16F7-4668-BE54-9A1E7A4F7556}") = "CMS.Proposals.App", "CMS.ProtectedModules\Proposals\App\CMS.Proposals.App.csproj", "{4E84FD0A-FB95-4F9A-949A-536F80F43916}"
EndProject
Project("{9A19103F-16F7-4668-BE54-9A1E7A4F7556}") = "CMS.Proposals.Api", "CMS.ProtectedModules\Proposals\API\CMS.Proposals.Api.csproj", "{ED27B609-28CB-4E1C-9772-3F1BF273FD12}"
EndProject
Global
	GlobalSection(SolutionConfigurationPlatforms) = preSolution
		Debug|Any CPU = Debug|Any CPU
		Release|Any CPU = Release|Any CPU
	EndGlobalSection
	GlobalSection(ProjectConfigurationPlatforms) = postSolution
		{56FB436A-9519-451F-B5FC-4EB4E31F57BA}.Debug|Any CPU.ActiveCfg = Debug|Any CPU
		{56FB436A-9519-451F-B5FC-4EB4E31F57BA}.Debug|Any CPU.Build.0 = Debug|Any CPU
		{56FB436A-9519-451F-B5FC-4EB4E31F57BA}.Release|Any CPU.ActiveCfg = Release|Any CPU
		{56FB436A-9519-451F-B5FC-4EB4E31F57BA}.Release|Any CPU.Build.0 = Release|Any CPU
		{B00E27D6-80FB-4A1A-A132-440515E3C7A4}.Debug|Any CPU.ActiveCfg = Debug|Any CPU
		{B00E27D6-80FB-4A1A-A132-440515E3C7A4}.Debug|Any CPU.Build.0 = Debug|Any CPU
		{B00E27D6-80FB-4A1A-A132-440515E3C7A4}.Release|Any CPU.ActiveCfg = Release|Any CPU
		{B00E27D6-80FB-4A1A-A132-440515E3C7A4}.Release|Any CPU.Build.0 = Release|Any CPU
		{33E2CADE-B022-4A63-B01C-0276B9058093}.Debug|Any CPU.ActiveCfg = Debug|Any CPU
		{33E2CADE-B022-4A63-B01C-0276B9058093}.Debug|Any CPU.Build.0 = Debug|Any CPU
		{33E2CADE-B022-4A63-B01C-0276B9058093}.Release|Any CPU.ActiveCfg = Release|Any CPU
		{33E2CADE-B022-4A63-B01C-0276B9058093}.Release|Any CPU.Build.0 = Release|Any CPU
		{B3BA07E5-0285-4EEF-BCDF-06D2199DF098}.Debug|Any CPU.ActiveCfg = Debug|Any CPU
		{B3BA07E5-0285-4EEF-BCDF-06D2199DF098}.Debug|Any CPU.Build.0 = Debug|Any CPU
		{B3BA07E5-0285-4EEF-BCDF-06D2199DF098}.Release|Any CPU.ActiveCfg = Release|Any CPU
		{B3BA07E5-0285-4EEF-BCDF-06D2199DF098}.Release|Any CPU.Build.0 = Release|Any CPU
		{8FE0C7CB-FFED-4CDA-98BB-696F103F77BD}.Debug|Any CPU.ActiveCfg = Debug|Any CPU
		{8FE0C7CB-FFED-4CDA-98BB-696F103F77BD}.Debug|Any CPU.Build.0 = Debug|Any CPU
		{8FE0C7CB-FFED-4CDA-98BB-696F103F77BD}.Release|Any CPU.ActiveCfg = Release|Any CPU
		{8FE0C7CB-FFED-4CDA-98BB-696F103F77BD}.Release|Any CPU.Build.0 = Release|Any CPU
		{B6AEAE7B-796A-45E0-BB16-2B26D9DF581E}.Debug|Any CPU.ActiveCfg = Debug|Any CPU
		{B6AEAE7B-796A-45E0-BB16-2B26D9DF581E}.Debug|Any CPU.Build.0 = Debug|Any CPU
		{B6AEAE7B-796A-45E0-BB16-2B26D9DF581E}.Release|Any CPU.ActiveCfg = Release|Any CPU
		{B6AEAE7B-796A-45E0-BB16-2B26D9DF581E}.Release|Any CPU.Build.0 = Release|Any CPU
		{0AF98215-6DFA-4E17-A5BF-2EF8763CA5E1}.Debug|Any CPU.ActiveCfg = Debug|Any CPU
		{0AF98215-6DFA-4E17-A5BF-2EF8763CA5E1}.Debug|Any CPU.Build.0 = Debug|Any CPU
		{0AF98215-6DFA-4E17-A5BF-2EF8763CA5E1}.Release|Any CPU.ActiveCfg = Release|Any CPU
		{0AF98215-6DFA-4E17-A5BF-2EF8763CA5E1}.Release|Any CPU.Build.0 = Release|Any CPU
		{3ACAF756-49FF-421F-A9EB-2C8F584CB1FD}.Debug|Any CPU.ActiveCfg = Debug|Any CPU
		{3ACAF756-49FF-421F-A9EB-2C8F584CB1FD}.Debug|Any CPU.Build.0 = Debug|Any CPU
		{3ACAF756-49FF-421F-A9EB-2C8F584CB1FD}.Release|Any CPU.ActiveCfg = Release|Any CPU
		{3ACAF756-49FF-421F-A9EB-2C8F584CB1FD}.Release|Any CPU.Build.0 = Release|Any CPU
		{1F92C17B-0EB3-4626-9FF4-9288868C5D1B}.Debug|Any CPU.ActiveCfg = Debug|Any CPU
		{1F92C17B-0EB3-4626-9FF4-9288868C5D1B}.Debug|Any CPU.Build.0 = Debug|Any CPU
		{1F92C17B-0EB3-4626-9FF4-9288868C5D1B}.Release|Any CPU.ActiveCfg = Release|Any CPU
		{1F92C17B-0EB3-4626-9FF4-9288868C5D1B}.Release|Any CPU.Build.0 = Release|Any CPU
		{7D4ADDDA-A0BB-4E09-812F-0E705C6E6DF4}.Debug|Any CPU.ActiveCfg = Debug|Any CPU
		{7D4ADDDA-A0BB-4E09-812F-0E705C6E6DF4}.Debug|Any CPU.Build.0 = Debug|Any CPU
		{7D4ADDDA-A0BB-4E09-812F-0E705C6E6DF4}.Release|Any CPU.ActiveCfg = Release|Any CPU
		{7D4ADDDA-A0BB-4E09-812F-0E705C6E6DF4}.Release|Any CPU.Build.0 = Release|Any CPU
		{AD615189-C03B-441B-95A1-F1174EECCA7F}.Debug|Any CPU.ActiveCfg = Debug|Any CPU
		{AD615189-C03B-441B-95A1-F1174EECCA7F}.Debug|Any CPU.Build.0 = Debug|Any CPU
		{AD615189-C03B-441B-95A1-F1174EECCA7F}.Release|Any CPU.ActiveCfg = Release|Any CPU
		{AD615189-C03B-441B-95A1-F1174EECCA7F}.Release|Any CPU.Build.0 = Release|Any CPU
		{E77B197C-601B-4C45-81FD-B0959FAC2F71}.Debug|Any CPU.ActiveCfg = Debug|Any CPU
		{E77B197C-601B-4C45-81FD-B0959FAC2F71}.Debug|Any CPU.Build.0 = Debug|Any CPU
		{E77B197C-601B-4C45-81FD-B0959FAC2F71}.Release|Any CPU.ActiveCfg = Release|Any CPU
		{E77B197C-601B-4C45-81FD-B0959FAC2F71}.Release|Any CPU.Build.0 = Release|Any CPU
		{4E84FD0A-FB95-4F9A-949A-536F80F43916}.Debug|Any CPU.ActiveCfg = Debug|Any CPU
		{4E84FD0A-FB95-4F9A-949A-536F80F43916}.Debug|Any CPU.Build.0 = Debug|Any CPU
		{4E84FD0A-FB95-4F9A-949A-536F80F43916}.Release|Any CPU.ActiveCfg = Release|Any CPU
		{4E84FD0A-FB95-4F9A-949A-536F80F43916}.Release|Any CPU.Build.0 = Release|Any CPU
		{ED27B609-28CB-4E1C-9772-3F1BF273FD12}.Debug|Any CPU.ActiveCfg = Debug|Any CPU
		{ED27B609-28CB-4E1C-9772-3F1BF273FD12}.Debug|Any CPU.Build.0 = Debug|Any CPU
		{ED27B609-28CB-4E1C-9772-3F1BF273FD12}.Release|Any CPU.ActiveCfg = Release|Any CPU
		{ED27B609-28CB-4E1C-9772-3F1BF273FD12}.Release|Any CPU.Build.0 = Release|Any CPU
	EndGlobalSection
	GlobalSection(SolutionProperties) = preSolution
		HideSolutionNode = FALSE
	EndGlobalSection
	GlobalSection(NestedProjects) = preSolution
		{96A6852C-EE1D-471C-9A6E-FA943468EE4A} = {ACF84426-064B-4920-BE6D-F000AB167BDF}
		{246F2058-9A86-41B1-9E0E-89451A24DC10} = {30AA4E6D-851B-4DAD-9F08-E970E56925E5}
		{3626B70F-C76D-4C71-A0BD-A88941FC7A07} = {30AA4E6D-851B-4DAD-9F08-E970E56925E5}
		{02762D4C-9190-4B60-8BB1-CB6B2161DBEE} = {ACF84426-064B-4920-BE6D-F000AB167BDF}
		{30AA4E6D-851B-4DAD-9F08-E970E56925E5} = {ACF84426-064B-4920-BE6D-F000AB167BDF}
		{F8D98839-507B-45C3-B730-B0AED45D3485} = {30AA4E6D-851B-4DAD-9F08-E970E56925E5}
		{DA80DD70-EA15-451E-9A8B-48066A34C295} = {30AA4E6D-851B-4DAD-9F08-E970E56925E5}
		{56FB436A-9519-451F-B5FC-4EB4E31F57BA} = {5F8B160E-EF13-4074-B343-EEABB128C50D}
		{B00E27D6-80FB-4A1A-A132-440515E3C7A4} = {5F8B160E-EF13-4074-B343-EEABB128C50D}
		{33E2CADE-B022-4A63-B01C-0276B9058093} = {5F8B160E-EF13-4074-B343-EEABB128C50D}
		{B3BA07E5-0285-4EEF-BCDF-06D2199DF098} = {5F8B160E-EF13-4074-B343-EEABB128C50D}
		{8FE0C7CB-FFED-4CDA-98BB-696F103F77BD} = {5F8B160E-EF13-4074-B343-EEABB128C50D}
		{B6AEAE7B-796A-45E0-BB16-2B26D9DF581E} = {1AC7B9C1-A908-4A84-9452-AACEF9448C57}
		{0AF98215-6DFA-4E17-A5BF-2EF8763CA5E1} = {1AC7B9C1-A908-4A84-9452-AACEF9448C57}
		{3ACAF756-49FF-421F-A9EB-2C8F584CB1FD} = {96A6852C-EE1D-471C-9A6E-FA943468EE4A}
		{1F92C17B-0EB3-4626-9FF4-9288868C5D1B} = {02762D4C-9190-4B60-8BB1-CB6B2161DBEE}
		{7D4ADDDA-A0BB-4E09-812F-0E705C6E6DF4} = {02762D4C-9190-4B60-8BB1-CB6B2161DBEE}
		{AD615189-C03B-441B-95A1-F1174EECCA7F} = {246F2058-9A86-41B1-9E0E-89451A24DC10}
		{E77B197C-601B-4C45-81FD-B0959FAC2F71} = {246F2058-9A86-41B1-9E0E-89451A24DC10}
		{4E84FD0A-FB95-4F9A-949A-536F80F43916} = {3626B70F-C76D-4C71-A0BD-A88941FC7A07}
		{ED27B609-28CB-4E1C-9772-3F1BF273FD12} = {3626B70F-C76D-4C71-A0BD-A88941FC7A07}
	EndGlobalSection
	GlobalSection(ExtensibilityGlobals) = postSolution
		SolutionGuid = {11C9A3C0-8F09-463B-92A2-32CC9F75AB55}
	EndGlobalSection
EndGlobal
